
Microsoft Visual Studio Solution File, Format Version 12.00
# Visual Studio 2015
Project("{FAE04EC0-301F-11D3-BF4B-00C04F79EFBC}") = "Miss Usami Framework", "Miss Usami Framework.csproj", "{D77C074D-5CE8-C80A-6AB5-DF65DB6CCDE3}"
EndProject
Global
	GlobalSection(SolutionConfigurationPlatforms) = preSolution
		Debug|Any CPU = Debug|Any CPU
		Release|Any CPU = Release|Any CPU
	EndGlobalSection
	GlobalSection(ProjectConfigurationPlatforms) = postSolution
		{D77C074D-5CE8-C80A-6AB5-DF65DB6CCDE3}.Debug|Any CPU.ActiveCfg = Debug|Any CPU
		{D77C074D-5CE8-C80A-6AB5-DF65DB6CCDE3}.Debug|Any CPU.Build.0 = Debug|Any CPU
		{D77C074D-5CE8-C80A-6AB5-DF65DB6CCDE3}.Release|Any CPU.ActiveCfg = Release|Any CPU
		{D77C074D-5CE8-C80A-6AB5-DF65DB6CCDE3}.Release|Any CPU.Build.0 = Release|Any CPU
	EndGlobalSection
	GlobalSection(SolutionProperties) = preSolution
		HideSolutionNode = FALSE
	EndGlobalSection
EndGlobal
